
Microsoft Visual Studio Solution File, Format Version 12.00
# Visual Studio Version 17
VisualStudioVersion = 17.9.34728.123
MinimumVisualStudioVersion = 10.0.40219.1
Project("{FAE04EC0-301F-11D3-BF4B-00C04F79EFBC}") = "GenerateAndDownloadExcel", "GenerateAndDownloadExcel\GenerateAndDownloadExcel.csproj", "{21660AC0-C47E-4DAF-B727-A13F31C0B077}"
EndProject
Global
	GlobalSection(SolutionConfigurationPlatforms) = preSolution
		Debug|Any CPU = Debug|Any CPU
		Release|Any CPU = Release|Any CPU
	EndGlobalSection
	GlobalSection(ProjectConfigurationPlatforms) = postSolution
		{21660AC0-C47E-4DAF-B727-A13F31C0B077}.Debug|Any CPU.ActiveCfg = Debug|Any CPU
		{21660AC0-C47E-4DAF-B727-A13F31C0B077}.Debug|Any CPU.Build.0 = Debug|Any CPU
		{21660AC0-C47E-4DAF-B727-A13F31C0B077}.Release|Any CPU.ActiveCfg = Release|Any CPU
		{21660AC0-C47E-4DAF-B727-A13F31C0B077}.Release|Any CPU.Build.0 = Release|Any CPU
	EndGlobalSection
	GlobalSection(SolutionProperties) = preSolution
		HideSolutionNode = FALSE
	EndGlobalSection
	GlobalSection(ExtensibilityGlobals) = postSolution
		SolutionGuid = {CCA28C44-005C-4E33-BAEB-BBC0A4398454}
	EndGlobalSection
EndGlobal
